PODS:
  - Alamofire (4.3.0)
  - Foundation+ (0.0.6)
  - Functions (0.1.0)
  - RxCocoa (3.2.0):
    - RxSwift (~> 3.1)
  - RxSwift (3.2.0)
  - SnapKit (3.2.0)
  - UI+ (0.0.4)

DEPENDENCIES:
  - Alamofire
  - Foundation+ (from `../Foundation.plus`)
  - Functions (from `../Functions`)
  - RxCocoa
  - RxSwift
  - SnapKit
  - UI+ (from `../UIKit.plus`)

EXTERNAL SOURCES:
  Foundation+:
    :path: ../Foundation.plus
  Functions:
    :path: ../Functions
  UI+:
    :path: ../UIKit.plus

SPEC CHECKSUMS:
  Alamofire: 856a113053a7bc9cbe5d6367a555d773fc5cfef7
  Foundation+: 92f8e2fb0092d0670f733c9e408410c88c1d09c8
  Functions: 8bd68ac6f82002f5cb811a1ab34d77a97155c0d9
  RxCocoa: ccdf43101a70407097a29082f648ba1676075b30
  RxSwift: 46574f70d416b7923c237195939cc488a7fbf3a0
  SnapKit: 1ca44df72cfa543218d177cb8aab029d10d86ea7
  UI+: be363101292cf8fbe0be305b29cb9f10a2c19141

PODFILE CHECKSUM: 24ee45051e9334c7b0eca06345e2b0a0d79edfa3

COCOAPODS: 1.3.1
