PODS:
  - Alamofire (4.3.0)
  - Foundation+ (0.0.5)
  - RxCocoa (3.2.0):
    - RxSwift (~> 3.1)
  - RxSwift (3.2.0)
  - SnapKit (3.2.0)
  - UI+ (0.0.4)

DEPENDENCIES:
  - Alamofire
  - Foundation+ (from `../Foundation.plus`)
  - RxCocoa
  - RxSwift
  - SnapKit
  - UI+ (from `../UIKit.plus`)

EXTERNAL SOURCES:
  Foundation+:
    :path: "../Foundation.plus"
  UI+:
    :path: "../UIKit.plus"

SPEC CHECKSUMS:
  Alamofire: 856a113053a7bc9cbe5d6367a555d773fc5cfef7
  Foundation+: c37cac58c1002a9334f9b945d911e2f90f7ca385
  RxCocoa: ccdf43101a70407097a29082f648ba1676075b30
  RxSwift: 46574f70d416b7923c237195939cc488a7fbf3a0
  SnapKit: 1ca44df72cfa543218d177cb8aab029d10d86ea7
  UI+: be363101292cf8fbe0be305b29cb9f10a2c19141

PODFILE CHECKSUM: 4342430439c5a5408f5b152ad6b4dec524471c3d

COCOAPODS: 1.2.1
