// !$*UTF8*$!
{
	archiveVersion = 1;
	classes = {
	};
	objectVersion = 46;
	objects = {

/* Begin PBXBuildFile section */
		3C3410C11DB0C93600E60A62 /* GCD.swift in Sources */ = {isa = PBXBuildFile; fileRef = 3C3410C01DB0C93600E60A62 /* GCD.swift */; };
		3C383ECA1DAE2A4B00A8EACC /* ScrollViewController.swift in Sources */ = {isa = PBXBuildFile; fileRef = 3C383EC91DAE2A4B00A8EACC /* ScrollViewController.swift */; };
		3C383ECE1DAE2E2D00A8EACC /* TableListController.swift in Sources */ = {isa = PBXBuildFile; fileRef = 3C383ECD1DAE2E2D00A8EACC /* TableListController.swift */; };
		3C383ED01DAE2E5E00A8EACC /* TableGroupController.swift in Sources */ = {isa = PBXBuildFile; fileRef = 3C383ECF1DAE2E5E00A8EACC /* TableGroupController.swift */; };
		3C383ED21DAE2F5D00A8EACC /* CollectionViewController.swift in Sources */ = {isa = PBXBuildFile; fileRef = 3C383ED11DAE2F5D00A8EACC /* CollectionViewController.swift */; };
		3C383ED41DAE2FE800A8EACC /* CollectionListController.swift in Sources */ = {isa = PBXBuildFile; fileRef = 3C383ED31DAE2FE800A8EACC /* CollectionListController.swift */; };
		3C383ED61DAE306D00A8EACC /* CollectionViewCell.swift in Sources */ = {isa = PBXBuildFile; fileRef = 3C383ED51DAE306D00A8EACC /* CollectionViewCell.swift */; };
		3C660A741DAE3FD50004DEDA /* TestCell.swift in Sources */ = {isa = PBXBuildFile; fileRef = 3C660A731DAE3FD50004DEDA /* TestCell.swift */; };
		3C9B56E91DDAF47B00E70C9F /* Default.strings in Resources */ = {isa = PBXBuildFile; fileRef = 3C9B56EB1DDAF47B00E70C9F /* Default.strings */; };
		3CBA4DD91DDDA380007FDEB0 /* UIImage+Extision.swift in Sources */ = {isa = PBXBuildFile; fileRef = 3CBA4DD81DDDA380007FDEB0 /* UIImage+Extision.swift */; };
		3CBF04F11DF11CBE00F9A289 /* ViewController.swift in Sources */ = {isa = PBXBuildFile; fileRef = 3CBF04F01DF11CBE00F9A289 /* ViewController.swift */; };
		3CBF04F31DF11D1D00F9A289 /* MyTableController.swift in Sources */ = {isa = PBXBuildFile; fileRef = 3CBF04F21DF11D1C00F9A289 /* MyTableController.swift */; };
		3CBF04F51DF1248200F9A289 /* main.swift in Sources */ = {isa = PBXBuildFile; fileRef = 3CBF04F41DF1248200F9A289 /* main.swift */; };
		3CEE37691E272509003DE0BC /* .gitignore in Resources */ = {isa = PBXBuildFile; fileRef = 3CEE37661E272509003DE0BC /* .gitignore */; };
		3CEE376A1E272509003DE0BC /* LICENSE in Resources */ = {isa = PBXBuildFile; fileRef = 3CEE37671E272509003DE0BC /* LICENSE */; };
		3CEF470E1DAB808E002E63EF /* AppDelegate.swift in Sources */ = {isa = PBXBuildFile; fileRef = 3CEF470D1DAB808E002E63EF /* AppDelegate.swift */; };
		3CEF47131DAB808E002E63EF /* Main.storyboard in Resources */ = {isa = PBXBuildFile; fileRef = 3CEF47111DAB808E002E63EF /* Main.storyboard */; };
		3CEF47151DAB808E002E63EF /* Assets.xcassets in Resources */ = {isa = PBXBuildFile; fileRef = 3CEF47141DAB808E002E63EF /* Assets.xcassets */; };
		3CEF47181DAB808E002E63EF /* LaunchScreen.storyboard in Resources */ = {isa = PBXBuildFile; fileRef = 3CEF47161DAB808E002E63EF /* LaunchScreen.storyboard */; };
		3CEF47481DAB8126002E63EF /* BaseConfig.swift in Sources */ = {isa = PBXBuildFile; fileRef = 3CEF47201DAB8126002E63EF /* BaseConfig.swift */; };
		3CEF47491DAB8126002E63EF /* BaseDelegate.swift in Sources */ = {isa = PBXBuildFile; fileRef = 3CEF47211DAB8126002E63EF /* BaseDelegate.swift */; };
		3CEF47531DAB8126002E63EF /* BaseViewController.swift in Sources */ = {isa = PBXBuildFile; fileRef = 3CEF472D1DAB8126002E63EF /* BaseViewController.swift */; };
		3CEF47541DAB8126002E63EF /* BaseNavigationController.swift in Sources */ = {isa = PBXBuildFile; fileRef = 3CEF472E1DAB8126002E63EF /* BaseNavigationController.swift */; };
		3CEF47551DAB8126002E63EF /* BaseTabBarController.swift in Sources */ = {isa = PBXBuildFile; fileRef = 3CEF472F1DAB8126002E63EF /* BaseTabBarController.swift */; };
		3CEF47561DAB8126002E63EF /* TableViewController.swift in Sources */ = {isa = PBXBuildFile; fileRef = 3CEF47301DAB8126002E63EF /* TableViewController.swift */; };
		3CEF47601DAB8126002E63EF /* String+CacheMenu.swift in Sources */ = {isa = PBXBuildFile; fileRef = 3CEF47401DAB8126002E63EF /* String+CacheMenu.swift */; };
		3CEF47621DAB8127002E63EF /* UIImageView+Web.swift in Sources */ = {isa = PBXBuildFile; fileRef = 3CEF47431DAB8126002E63EF /* UIImageView+Web.swift */; };
		3CEF47641DAB8127002E63EF /* FileTool.swift in Sources */ = {isa = PBXBuildFile; fileRef = 3CEF47461DAB8126002E63EF /* FileTool.swift */; };
		3CEF47691DAB8136002E63EF /* TabBarController.swift in Sources */ = {isa = PBXBuildFile; fileRef = 3CEF47661DAB8136002E63EF /* TabBarController.swift */; };
		3CEF476A1DAB8136002E63EF /* TableController.swift in Sources */ = {isa = PBXBuildFile; fileRef = 3CEF47671DAB8136002E63EF /* TableController.swift */; };
		3CEF48041DAD12BB002E63EF /* NibLoadable.swift in Sources */ = {isa = PBXBuildFile; fileRef = 3CEF47FF1DAD12BB002E63EF /* NibLoadable.swift */; };
		3CEF48051DAD12BB002E63EF /* NibOwnerLoadable.swift in Sources */ = {isa = PBXBuildFile; fileRef = 3CEF48001DAD12BB002E63EF /* NibOwnerLoadable.swift */; };
		3CEF48101DAD1EC0002E63EF /* Adable.swift in Sources */ = {isa = PBXBuildFile; fileRef = 3CEF480F1DAD1EC0002E63EF /* Adable.swift */; };
		3CEF48141DAD2910002E63EF /* TableViewCell.swift in Sources */ = {isa = PBXBuildFile; fileRef = 3CEF48131DAD2910002E63EF /* TableViewCell.swift */; };
		3CEF48171DADCD37002E63EF /* Tools.swift in Sources */ = {isa = PBXBuildFile; fileRef = 3CEF48161DADCD37002E63EF /* Tools.swift */; };
		A7DDCD20ACC391F2FCAC8F92 /* Pods_Elegant.framework in Frameworks */ = {isa = PBXBuildFile; fileRef = A25422D61736026609AA2767 /* Pods_Elegant.framework */; };
		AA0BDCA91F7E32C8000CD996 /* FViewController.swift in Sources */ = {isa = PBXBuildFile; fileRef = AA0BDCA81F7E32C8000CD996 /* FViewController.swift */; };
		AA0BDCAB1F7E3412000CD996 /* PagerTabController.swift in Sources */ = {isa = PBXBuildFile; fileRef = AA0BDCAA1F7E3412000CD996 /* PagerTabController.swift */; };
		AA0BDCAE1F7E38F3000CD996 /* TabFController.swift in Sources */ = {isa = PBXBuildFile; fileRef = AA0BDCAD1F7E38F3000CD996 /* TabFController.swift */; };
		AA0BDCB01F7E3921000CD996 /* TabSController.swift in Sources */ = {isa = PBXBuildFile; fileRef = AA0BDCAF1F7E3921000CD996 /* TabSController.swift */; };
		AA0BDCB21F7E393E000CD996 /* TabTController.swift in Sources */ = {isa = PBXBuildFile; fileRef = AA0BDCB11F7E393E000CD996 /* TabTController.swift */; };
		AA0BDCB41F7E4E0C000CD996 /* TitleView.swift in Sources */ = {isa = PBXBuildFile; fileRef = AA0BDCB31F7E4E0C000CD996 /* TitleView.swift */; };
		AA0BDCB61F7E4E61000CD996 /* TitleStyle.swift in Sources */ = {isa = PBXBuildFile; fileRef = AA0BDCB51F7E4E61000CD996 /* TitleStyle.swift */; };
		AA0BDCB81F7E5839000CD996 /* ViewPagerController.swift in Sources */ = {isa = PBXBuildFile; fileRef = AA0BDCB71F7E5839000CD996 /* ViewPagerController.swift */; };
		AA1052441F3F2CD900B55751 /* LineViewController.swift in Sources */ = {isa = PBXBuildFile; fileRef = AA1052431F3F2CD900B55751 /* LineViewController.swift */; };
		AA1052461F3F2CF100B55751 /* CommonController.swift in Sources */ = {isa = PBXBuildFile; fileRef = AA1052451F3F2CF100B55751 /* CommonController.swift */; };
		AA29F10F1F5EC32300FCC69F /* Numeric.swift in Sources */ = {isa = PBXBuildFile; fileRef = AA29F10E1F5EC32300FCC69F /* Numeric.swift */; };
		AA5094951ECD89D0002DC62E /* README.md in Sources */ = {isa = PBXBuildFile; fileRef = AA5094941ECD89D0002DC62E /* README.md */; };
		AAE7ADE21F62615F003C7D66 /* MoreCell.swift in Sources */ = {isa = PBXBuildFile; fileRef = AAE7ADE11F62615F003C7D66 /* MoreCell.swift */; };
		AAE7ADE41F626D09003C7D66 /* Itemable.swift in Sources */ = {isa = PBXBuildFile; fileRef = AAE7ADE31F626D09003C7D66 /* Itemable.swift */; };
		AAF587E21F594B3C00146101 /* SectionItem.swift in Sources */ = {isa = PBXBuildFile; fileRef = AAF587E11F594B3C00146101 /* SectionItem.swift */; };
		AAF587E41F594B5200146101 /* Item.swift in Sources */ = {isa = PBXBuildFile; fileRef = AAF587E31F594B5200146101 /* Item.swift */; };
/* End PBXBuildFile section */

/* Begin PBXCopyFilesBuildPhase section */
		3CEF47961DABB243002E63EF /* Embed Frameworks */ = {
			isa = PBXCopyFilesBuildPhase;
			buildActionMask = 2147483647;
			dstPath = "";
			dstSubfolderSpec = 10;
			files = (
			);
			name = "Embed Frameworks";
			runOnlyForDeploymentPostprocessing = 0;
		};
/* End PBXCopyFilesBuildPhase section */

/* Begin PBXFileReference section */
		3C3410C01DB0C93600E60A62 /* GCD.swift */ = {isa = PBXFileReference; fileEncoding = 4; lastKnownFileType = sourcecode.swift; path = GCD.swift; sourceTree = "<group>"; };
		3C383EC91DAE2A4B00A8EACC /* ScrollViewController.swift */ = {isa = PBXFileReference; fileEncoding = 4; lastKnownFileType = sourcecode.swift; path = ScrollViewController.swift; sourceTree = "<group>"; };
		3C383ECD1DAE2E2D00A8EACC /* TableListController.swift */ = {isa = PBXFileReference; fileEncoding = 4; lastKnownFileType = sourcecode.swift; path = TableListController.swift; sourceTree = "<group>"; };
		3C383ECF1DAE2E5E00A8EACC /* TableGroupController.swift */ = {isa = PBXFileReference; fileEncoding = 4; lastKnownFileType = sourcecode.swift; path = TableGroupController.swift; sourceTree = "<group>"; };
		3C383ED11DAE2F5D00A8EACC /* CollectionViewController.swift */ = {isa = PBXFileReference; fileEncoding = 4; lastKnownFileType = sourcecode.swift; path = CollectionViewController.swift; sourceTree = "<group>"; };
		3C383ED31DAE2FE800A8EACC /* CollectionListController.swift */ = {isa = PBXFileReference; fileEncoding = 4; lastKnownFileType = sourcecode.swift; path = CollectionListController.swift; sourceTree = "<group>"; };
		3C383ED51DAE306D00A8EACC /* CollectionViewCell.swift */ = {isa = PBXFileReference; fileEncoding = 4; lastKnownFileType = sourcecode.swift; path = CollectionViewCell.swift; sourceTree = "<group>"; };
		3C660A731DAE3FD50004DEDA /* TestCell.swift */ = {isa = PBXFileReference; fileEncoding = 4; lastKnownFileType = sourcecode.swift; path = TestCell.swift; sourceTree = "<group>"; };
		3C9B56EA1DDAF47B00E70C9F /* Base */ = {isa = PBXFileReference; lastKnownFileType = text.plist.strings; name = Base; path = Base.lproj/Default.strings; sourceTree = "<group>"; };
		3C9B56EC1DDAF47E00E70C9F /* en */ = {isa = PBXFileReference; lastKnownFileType = text.plist.strings; name = en; path = en.lproj/Default.strings; sourceTree = "<group>"; };
		3C9B56F11DDAF6B300E70C9F /* zh-Hans */ = {isa = PBXFileReference; lastKnownFileType = text.plist.strings; name = "zh-Hans"; path = "zh-Hans.lproj/Main.strings"; sourceTree = "<group>"; };
		3C9B56F21DDAF6B300E70C9F /* zh-Hans */ = {isa = PBXFileReference; lastKnownFileType = text.plist.strings; name = "zh-Hans"; path = "zh-Hans.lproj/LaunchScreen.strings"; sourceTree = "<group>"; };
		3CBA4DD81DDDA380007FDEB0 /* UIImage+Extision.swift */ = {isa = PBXFileReference; fileEncoding = 4; lastKnownFileType = sourcecode.swift; path = "UIImage+Extision.swift"; sourceTree = "<group>"; };
		3CBF04F01DF11CBE00F9A289 /* ViewController.swift */ = {isa = PBXFileReference; fileEncoding = 4; lastKnownFileType = sourcecode.swift; path = ViewController.swift; sourceTree = "<group>"; };
		3CBF04F21DF11D1C00F9A289 /* MyTableController.swift */ = {isa = PBXFileReference; fileEncoding = 4; lastKnownFileType = sourcecode.swift; path = MyTableController.swift; sourceTree = "<group>"; };
		3CBF04F41DF1248200F9A289 /* main.swift */ = {isa = PBXFileReference; fileEncoding = 4; lastKnownFileType = sourcecode.swift; path = main.swift; sourceTree = "<group>"; };
		3CEE37661E272509003DE0BC /* .gitignore */ = {isa = PBXFileReference; fileEncoding = 4; lastKnownFileType = text; path = .gitignore; sourceTree = "<group>"; };
		3CEE37671E272509003DE0BC /* LICENSE */ = {isa = PBXFileReference; fileEncoding = 4; lastKnownFileType = text; path = LICENSE; sourceTree = "<group>"; };
		3CEF470A1DAB808E002E63EF /* Elegant.app */ = {isa = PBXFileReference; explicitFileType = wrapper.application; includeInIndex = 0; path = Elegant.app; sourceTree = BUILT_PRODUCTS_DIR; };
		3CEF470D1DAB808E002E63EF /* AppDelegate.swift */ = {isa = PBXFileReference; lastKnownFileType = sourcecode.swift; path = AppDelegate.swift; sourceTree = "<group>"; };
		3CEF47121DAB808E002E63EF /* Base */ = {isa = PBXFileReference; lastKnownFileType = file.storyboard; name = Base; path = Base.lproj/Main.storyboard; sourceTree = "<group>"; };
		3CEF47141DAB808E002E63EF /* Assets.xcassets */ = {isa = PBXFileReference; lastKnownFileType = folder.assetcatalog; path = Assets.xcassets; sourceTree = "<group>"; };
		3CEF47171DAB808E002E63EF /* Base */ = {isa = PBXFileReference; lastKnownFileType = file.storyboard; name = Base; path = Base.lproj/LaunchScreen.storyboard; sourceTree = "<group>"; };
		3CEF47191DAB808E002E63EF /* Info.plist */ = {isa = PBXFileReference; lastKnownFileType = text.plist.xml; path = Info.plist; sourceTree = "<group>"; };
		3CEF47201DAB8126002E63EF /* BaseConfig.swift */ = {isa = PBXFileReference; fileEncoding = 4; lastKnownFileType = sourcecode.swift; path = BaseConfig.swift; sourceTree = "<group>"; };
		3CEF47211DAB8126002E63EF /* BaseDelegate.swift */ = {isa = PBXFileReference; fileEncoding = 4; lastKnownFileType = sourcecode.swift; path = BaseDelegate.swift; sourceTree = "<group>"; };
		3CEF472D1DAB8126002E63EF /* BaseViewController.swift */ = {isa = PBXFileReference; fileEncoding = 4; lastKnownFileType = sourcecode.swift; path = BaseViewController.swift; sourceTree = "<group>"; };
		3CEF472E1DAB8126002E63EF /* BaseNavigationController.swift */ = {isa = PBXFileReference; fileEncoding = 4; lastKnownFileType = sourcecode.swift; path = BaseNavigationController.swift; sourceTree = "<group>"; };
		3CEF472F1DAB8126002E63EF /* BaseTabBarController.swift */ = {isa = PBXFileReference; fileEncoding = 4; lastKnownFileType = sourcecode.swift; path = BaseTabBarController.swift; sourceTree = "<group>"; };
		3CEF47301DAB8126002E63EF /* TableViewController.swift */ = {isa = PBXFileReference; fileEncoding = 4; lastKnownFileType = sourcecode.swift; path = TableViewController.swift; sourceTree = "<group>"; };
		3CEF47401DAB8126002E63EF /* String+CacheMenu.swift */ = {isa = PBXFileReference; fileEncoding = 4; lastKnownFileType = sourcecode.swift; path = "String+CacheMenu.swift"; sourceTree = "<group>"; };
		3CEF47431DAB8126002E63EF /* UIImageView+Web.swift */ = {isa = PBXFileReference; fileEncoding = 4; lastKnownFileType = sourcecode.swift; path = "UIImageView+Web.swift"; sourceTree = "<group>"; };
		3CEF47461DAB8126002E63EF /* FileTool.swift */ = {isa = PBXFileReference; fileEncoding = 4; lastKnownFileType = sourcecode.swift; path = FileTool.swift; sourceTree = "<group>"; };
		3CEF47661DAB8136002E63EF /* TabBarController.swift */ = {isa = PBXFileReference; fileEncoding = 4; lastKnownFileType = sourcecode.swift; path = TabBarController.swift; sourceTree = "<group>"; };
		3CEF47671DAB8136002E63EF /* TableController.swift */ = {isa = PBXFileReference; fileEncoding = 4; lastKnownFileType = sourcecode.swift; path = TableController.swift; sourceTree = "<group>"; };
		3CEF47FF1DAD12BB002E63EF /* NibLoadable.swift */ = {isa = PBXFileReference; fileEncoding = 4; lastKnownFileType = sourcecode.swift; path = NibLoadable.swift; sourceTree = "<group>"; };
		3CEF48001DAD12BB002E63EF /* NibOwnerLoadable.swift */ = {isa = PBXFileReference; fileEncoding = 4; lastKnownFileType = sourcecode.swift; path = NibOwnerLoadable.swift; sourceTree = "<group>"; };
		3CEF480F1DAD1EC0002E63EF /* Adable.swift */ = {isa = PBXFileReference; fileEncoding = 4; lastKnownFileType = sourcecode.swift; path = Adable.swift; sourceTree = "<group>"; };
		3CEF48131DAD2910002E63EF /* TableViewCell.swift */ = {isa = PBXFileReference; fileEncoding = 4; lastKnownFileType = sourcecode.swift; name = TableViewCell.swift; path = ../../Elegant/TableViewCell.swift; sourceTree = "<group>"; };
		3CEF48161DADCD37002E63EF /* Tools.swift */ = {isa = PBXFileReference; fileEncoding = 4; lastKnownFileType = sourcecode.swift; path = Tools.swift; sourceTree = "<group>"; };
		6B709DBDE4539CB8D67E19E0 /* Pods-Elegant.release.xcconfig */ = {isa = PBXFileReference; includeInIndex = 1; lastKnownFileType = text.xcconfig; name = "Pods-Elegant.release.xcconfig"; path = "Pods/Target Support Files/Pods-Elegant/Pods-Elegant.release.xcconfig"; sourceTree = "<group>"; };
		A25422D61736026609AA2767 /* Pods_Elegant.framework */ = {isa = PBXFileReference; explicitFileType = wrapper.framework; includeInIndex = 0; path = Pods_Elegant.framework; sourceTree = BUILT_PRODUCTS_DIR; };
		AA0BDCA81F7E32C8000CD996 /* FViewController.swift */ = {isa = PBXFileReference; lastKnownFileType = sourcecode.swift; path = FViewController.swift; sourceTree = "<group>"; };
		AA0BDCAA1F7E3412000CD996 /* PagerTabController.swift */ = {isa = PBXFileReference; lastKnownFileType = sourcecode.swift; path = PagerTabController.swift; sourceTree = "<group>"; };
		AA0BDCAD1F7E38F3000CD996 /* TabFController.swift */ = {isa = PBXFileReference; lastKnownFileType = sourcecode.swift; path = TabFController.swift; sourceTree = "<group>"; };
		AA0BDCAF1F7E3921000CD996 /* TabSController.swift */ = {isa = PBXFileReference; lastKnownFileType = sourcecode.swift; path = TabSController.swift; sourceTree = "<group>"; };
		AA0BDCB11F7E393E000CD996 /* TabTController.swift */ = {isa = PBXFileReference; lastKnownFileType = sourcecode.swift; path = TabTController.swift; sourceTree = "<group>"; };
		AA0BDCB31F7E4E0C000CD996 /* TitleView.swift */ = {isa = PBXFileReference; lastKnownFileType = sourcecode.swift; path = TitleView.swift; sourceTree = "<group>"; };
		AA0BDCB51F7E4E61000CD996 /* TitleStyle.swift */ = {isa = PBXFileReference; lastKnownFileType = sourcecode.swift; path = TitleStyle.swift; sourceTree = "<group>"; };
		AA0BDCB71F7E5839000CD996 /* ViewPagerController.swift */ = {isa = PBXFileReference; lastKnownFileType = sourcecode.swift; path = ViewPagerController.swift; sourceTree = "<group>"; };
		AA1052431F3F2CD900B55751 /* LineViewController.swift */ = {isa = PBXFileReference; fileEncoding = 4; lastKnownFileType = sourcecode.swift; path = LineViewController.swift; sourceTree = "<group>"; };
		AA1052451F3F2CF100B55751 /* CommonController.swift */ = {isa = PBXFileReference; fileEncoding = 4; lastKnownFileType = sourcecode.swift; path = CommonController.swift; sourceTree = "<group>"; };
		AA29F10E1F5EC32300FCC69F /* Numeric.swift */ = {isa = PBXFileReference; fileEncoding = 4; lastKnownFileType = sourcecode.swift; path = Numeric.swift; sourceTree = "<group>"; };
		AA5094941ECD89D0002DC62E /* README.md */ = {isa = PBXFileReference; fileEncoding = 4; lastKnownFileType = net.daringfireball.markdown; path = README.md; sourceTree = "<group>"; };
		AAD96B8B1ED3E34000779214 /* Test.playground */ = {isa = PBXFileReference; lastKnownFileType = file.playground; path = Test.playground; sourceTree = "<group>"; xcLanguageSpecificationIdentifier = xcode.lang.swift; };
		AAE7ADE11F62615F003C7D66 /* MoreCell.swift */ = {isa = PBXFileReference; fileEncoding = 4; lastKnownFileType = sourcecode.swift; path = MoreCell.swift; sourceTree = "<group>"; };
		AAE7ADE31F626D09003C7D66 /* Itemable.swift */ = {isa = PBXFileReference; fileEncoding = 4; lastKnownFileType = sourcecode.swift; path = Itemable.swift; sourceTree = "<group>"; };
		AAF587E11F594B3C00146101 /* SectionItem.swift */ = {isa = PBXFileReference; fileEncoding = 4; lastKnownFileType = sourcecode.swift; path = SectionItem.swift; sourceTree = "<group>"; };
		AAF587E31F594B5200146101 /* Item.swift */ = {isa = PBXFileReference; fileEncoding = 4; lastKnownFileType = sourcecode.swift; path = Item.swift; sourceTree = "<group>"; };
		BEFE978FFE451C08025B5EF0 /* Pods-Elegant.debug.xcconfig */ = {isa = PBXFileReference; includeInIndex = 1; lastKnownFileType = text.xcconfig; name = "Pods-Elegant.debug.xcconfig"; path = "Pods/Target Support Files/Pods-Elegant/Pods-Elegant.debug.xcconfig"; sourceTree = "<group>"; };
/* End PBXFileReference section */

/* Begin PBXFrameworksBuildPhase section */
		3CEF47071DAB808E002E63EF /* Frameworks */ = {
			isa = PBXFrameworksBuildPhase;
			buildActionMask = 2147483647;
			files = (
				A7DDCD20ACC391F2FCAC8F92 /* Pods_Elegant.framework in Frameworks */,
			);
			runOnlyForDeploymentPostprocessing = 0;
		};
/* End PBXFrameworksBuildPhase section */

/* Begin PBXGroup section */
		30A60079447019BDD2EDF0B5 /* Pods */ = {
			isa = PBXGroup;
			children = (
				BEFE978FFE451C08025B5EF0 /* Pods-Elegant.debug.xcconfig */,
				6B709DBDE4539CB8D67E19E0 /* Pods-Elegant.release.xcconfig */,
			);
			name = Pods;
			sourceTree = "<group>";
		};
		3C383ECB1DAE2CBD00A8EACC /* View */ = {
			isa = PBXGroup;
			children = (
				3CEF48131DAD2910002E63EF /* TableViewCell.swift */,
				3C383ED51DAE306D00A8EACC /* CollectionViewCell.swift */,
				AAE7ADE11F62615F003C7D66 /* MoreCell.swift */,
			);
			path = View;
			sourceTree = "<group>";
		};
		3CEE37651E272509003DE0BC /* iOSKit */ = {
			isa = PBXGroup;
			children = (
				AA5094941ECD89D0002DC62E /* README.md */,
				3CEE37661E272509003DE0BC /* .gitignore */,
				3CEE37671E272509003DE0BC /* LICENSE */,
			);
			name = iOSKit;
			path = ../iOSKit;
			sourceTree = "<group>";
		};
		3CEF47011DAB808E002E63EF = {
			isa = PBXGroup;
			children = (
				3CEE37651E272509003DE0BC /* iOSKit */,
				3CEF48151DADCCFC002E63EF /* Utils */,
				3CEF471F1DAB8126002E63EF /* AppBase */,
				3CEF473E1DAB8126002E63EF /* Common */,
				3CEF470C1DAB808E002E63EF /* Elegant */,
				3CEF470B1DAB808E002E63EF /* Products */,
				30A60079447019BDD2EDF0B5 /* Pods */,
				D79B2C59C927AF195CB63B5B /* Frameworks */,
			);
			sourceTree = "<group>";
		};
		3CEF470B1DAB808E002E63EF /* Products */ = {
			isa = PBXGroup;
			children = (
				3CEF470A1DAB808E002E63EF /* Elegant.app */,
			);
			name = Products;
			sourceTree = "<group>";
		};
		3CEF470C1DAB808E002E63EF /* Elegant */ = {
			isa = PBXGroup;
			children = (
				AA0BDCAC1F7E37EF000CD996 /* TabBar */,
				3CEF480B1DAD1B00002E63EF /* View */,
				3CEF480A1DAD1AC3002E63EF /* Model */,
				3CEF47661DAB8136002E63EF /* TabBarController.swift */,
				3CEF47671DAB8136002E63EF /* TableController.swift */,
				3CEF470D1DAB808E002E63EF /* AppDelegate.swift */,
				3CEF47111DAB808E002E63EF /* Main.storyboard */,
				3CEF47141DAB808E002E63EF /* Assets.xcassets */,
				3CEF47161DAB808E002E63EF /* LaunchScreen.storyboard */,
				AAD96B8B1ED3E34000779214 /* Test.playground */,
				3CEF47191DAB808E002E63EF /* Info.plist */,
				3C9B56EB1DDAF47B00E70C9F /* Default.strings */,
				3CBF04F01DF11CBE00F9A289 /* ViewController.swift */,
				3CBF04F21DF11D1C00F9A289 /* MyTableController.swift */,
				3CBF04F41DF1248200F9A289 /* main.swift */,
				AA1052431F3F2CD900B55751 /* LineViewController.swift */,
				AA1052451F3F2CF100B55751 /* CommonController.swift */,
				AA0BDCA81F7E32C8000CD996 /* FViewController.swift */,
				AA0BDCAA1F7E3412000CD996 /* PagerTabController.swift */,
				AA0BDCB71F7E5839000CD996 /* ViewPagerController.swift */,
			);
			path = Elegant;
			sourceTree = "<group>";
		};
		3CEF471F1DAB8126002E63EF /* AppBase */ = {
			isa = PBXGroup;
			children = (
				3C383ECB1DAE2CBD00A8EACC /* View */,
				3CEF47201DAB8126002E63EF /* BaseConfig.swift */,
				3CEF47211DAB8126002E63EF /* BaseDelegate.swift */,
				3CEF47221DAB8126002E63EF /* BaseExt */,
				3CEF472C1DAB8126002E63EF /* Controller */,
				3CEF47331DAB8126002E63EF /* Protocol */,
			);
			path = AppBase;
			sourceTree = "<group>";
		};
		3CEF47221DAB8126002E63EF /* BaseExt */ = {
			isa = PBXGroup;
			children = (
				3CBA4DD81DDDA380007FDEB0 /* UIImage+Extision.swift */,
				AAF587E11F594B3C00146101 /* SectionItem.swift */,
				AAF587E31F594B5200146101 /* Item.swift */,
			);
			path = BaseExt;
			sourceTree = "<group>";
		};
		3CEF472C1DAB8126002E63EF /* Controller */ = {
			isa = PBXGroup;
			children = (
				3CEF472D1DAB8126002E63EF /* BaseViewController.swift */,
				3CEF472E1DAB8126002E63EF /* BaseNavigationController.swift */,
				3CEF472F1DAB8126002E63EF /* BaseTabBarController.swift */,
				3CEF47301DAB8126002E63EF /* TableViewController.swift */,
				3C383EC91DAE2A4B00A8EACC /* ScrollViewController.swift */,
				3C383ECD1DAE2E2D00A8EACC /* TableListController.swift */,
				3C383ECF1DAE2E5E00A8EACC /* TableGroupController.swift */,
				3C383ED11DAE2F5D00A8EACC /* CollectionViewController.swift */,
				3C383ED31DAE2FE800A8EACC /* CollectionListController.swift */,
			);
			name = Controller;
			path = controller;
			sourceTree = "<group>";
		};
		3CEF47331DAB8126002E63EF /* Protocol */ = {
			isa = PBXGroup;
			children = (
				3CEF480E1DAD1E85002E63EF /* Reusable */,
				3CEF480F1DAD1EC0002E63EF /* Adable.swift */,
				AA29F10E1F5EC32300FCC69F /* Numeric.swift */,
				AAE7ADE31F626D09003C7D66 /* Itemable.swift */,
			);
			path = Protocol;
			sourceTree = "<group>";
		};
		3CEF473E1DAB8126002E63EF /* Common */ = {
			isa = PBXGroup;
			children = (
				3CEF47401DAB8126002E63EF /* String+CacheMenu.swift */,
				3CEF47431DAB8126002E63EF /* UIImageView+Web.swift */,
				3CEF47451DAB8126002E63EF /* Utils */,
				3C3410C01DB0C93600E60A62 /* GCD.swift */,
			);
			path = Common;
			sourceTree = "<group>";
		};
		3CEF47451DAB8126002E63EF /* Utils */ = {
			isa = PBXGroup;
			children = (
				3CEF47461DAB8126002E63EF /* FileTool.swift */,
			);
			path = Utils;
			sourceTree = "<group>";
		};
		3CEF480A1DAD1AC3002E63EF /* Model */ = {
			isa = PBXGroup;
			children = (
			);
			path = Model;
			sourceTree = "<group>";
		};
		3CEF480B1DAD1B00002E63EF /* View */ = {
			isa = PBXGroup;
			children = (
				AA0BDCB51F7E4E61000CD996 /* TitleStyle.swift */,
				AA0BDCB31F7E4E0C000CD996 /* TitleView.swift */,
				3C660A731DAE3FD50004DEDA /* TestCell.swift */,
			);
			path = View;
			sourceTree = "<group>";
		};
		3CEF480E1DAD1E85002E63EF /* Reusable */ = {
			isa = PBXGroup;
			children = (
				3CEF47FF1DAD12BB002E63EF /* NibLoadable.swift */,
				3CEF48001DAD12BB002E63EF /* NibOwnerLoadable.swift */,
			);
			name = Reusable;
			sourceTree = "<group>";
		};
		3CEF48151DADCCFC002E63EF /* Utils */ = {
			isa = PBXGroup;
			children = (
				3CEF48161DADCD37002E63EF /* Tools.swift */,
			);
			path = Utils;
			sourceTree = "<group>";
		};
		AA0BDCAC1F7E37EF000CD996 /* TabBar */ = {
			isa = PBXGroup;
			children = (
				AA0BDCAD1F7E38F3000CD996 /* TabFController.swift */,
				AA0BDCAF1F7E3921000CD996 /* TabSController.swift */,
				AA0BDCB11F7E393E000CD996 /* TabTController.swift */,
			);
			path = TabBar;
			sourceTree = "<group>";
		};
		D79B2C59C927AF195CB63B5B /* Frameworks */ = {
			isa = PBXGroup;
			children = (
				A25422D61736026609AA2767 /* Pods_Elegant.framework */,
			);
			name = Frameworks;
			sourceTree = "<group>";
		};
/* End PBXGroup section */

/* Begin PBXNativeTarget section */
		3CEF47091DAB808E002E63EF /* Elegant */ = {
			isa = PBXNativeTarget;
			buildConfigurationList = 3CEF471C1DAB808E002E63EF /* Build configuration list for PBXNativeTarget "Elegant" */;
			buildPhases = (
				013E2B6A4C23CDAE11ED9112 /* [CP] Check Pods Manifest.lock */,
				3CEF47061DAB808E002E63EF /* Sources */,
				3CEF47071DAB808E002E63EF /* Frameworks */,
				3CEF47081DAB808E002E63EF /* Resources */,
				3CEF47961DABB243002E63EF /* Embed Frameworks */,
				3CEF47AF1DABCEBC002E63EF /* ShellScript */,
				0B2BA2D6A0674F9E7073475C /* [CP] Embed Pods Frameworks */,
				D86CE55C1568CB2970A9F7F1 /* [CP] Copy Pods Resources */,
			);
			buildRules = (
			);
			dependencies = (
			);
			name = Elegant;
			productName = Elegant;
			productReference = 3CEF470A1DAB808E002E63EF /* Elegant.app */;
			productType = "com.apple.product-type.application";
		};
/* End PBXNativeTarget section */

/* Begin PBXProject section */
		3CEF47021DAB808E002E63EF /* Project object */ = {
			isa = PBXProject;
			attributes = {
				LastSwiftUpdateCheck = 0800;
				LastUpgradeCheck = 0830;
				ORGANIZATIONNAME = KingCQ;
				TargetAttributes = {
					3CEF47091DAB808E002E63EF = {
						CreatedOnToolsVersion = 8.0;
						DevelopmentTeam = GTVM2F95ZD;
						ProvisioningStyle = Automatic;
					};
				};
			};
			buildConfigurationList = 3CEF47051DAB808E002E63EF /* Build configuration list for PBXProject "Elegant" */;
			compatibilityVersion = "Xcode 3.2";
			developmentRegion = English;
			hasScannedForEncodings = 0;
			knownRegions = (
				en,
				Base,
				"zh-Hans",
			);
			mainGroup = 3CEF47011DAB808E002E63EF;
			productRefGroup = 3CEF470B1DAB808E002E63EF /* Products */;
			projectDirPath = "";
			projectRoot = "";
			targets = (
				3CEF47091DAB808E002E63EF /* Elegant */,
			);
		};
/* End PBXProject section */

/* Begin PBXResourcesBuildPhase section */
		3CEF47081DAB808E002E63EF /* Resources */ = {
			isa = PBXResourcesBuildPhase;
			buildActionMask = 2147483647;
			files = (
				3CEE376A1E272509003DE0BC /* LICENSE in Resources */,
				3CEE37691E272509003DE0BC /* .gitignore in Resources */,
				3CEF47181DAB808E002E63EF /* LaunchScreen.storyboard in Resources */,
				3C9B56E91DDAF47B00E70C9F /* Default.strings in Resources */,
				3CEF47151DAB808E002E63EF /* Assets.xcassets in Resources */,
				3CEF47131DAB808E002E63EF /* Main.storyboard in Resources */,
			);
			runOnlyForDeploymentPostprocessing = 0;
		};
/* End PBXResourcesBuildPhase section */

/* Begin PBXShellScriptBuildPhase section */
		013E2B6A4C23CDAE11ED9112 /* [CP] Check Pods Manifest.lock */ = {
			isa = PBXShellScriptBuildPhase;
			buildActionMask = 2147483647;
			files = (
			);
			inputPaths = (
				"${PODS_PODFILE_DIR_PATH}/Podfile.lock",
				"${PODS_ROOT}/Manifest.lock",
			);
			name = "[CP] Check Pods Manifest.lock";
			outputPaths = (
				"$(DERIVED_FILE_DIR)/Pods-Elegant-checkManifestLockResult.txt",
			);
			runOnlyForDeploymentPostprocessing = 0;
			shellPath = /bin/sh;
			shellScript = "diff \"${PODS_PODFILE_DIR_PATH}/Podfile.lock\" \"${PODS_ROOT}/Manifest.lock\" > /dev/null\nif [ $? != 0 ] ; then\n    # print error to STDERR\n    echo \"error: The sandbox is not in sync with the Podfile.lock. Run 'pod install' or update your CocoaPods installation.\" >&2\n    exit 1\nfi\n# This output is used by Xcode 'outputs' to avoid re-running this script phase.\necho \"SUCCESS\" > \"${SCRIPT_OUTPUT_FILE_0}\"\n";
			showEnvVarsInLog = 0;
		};
		0B2BA2D6A0674F9E7073475C /* [CP] Embed Pods Frameworks */ = {
			isa = PBXShellScriptBuildPhase;
			buildActionMask = 2147483647;
			files = (
			);
			inputPaths = (
				"${SRCROOT}/Pods/Target Support Files/Pods-Elegant/Pods-Elegant-frameworks.sh",
				"${BUILT_PRODUCTS_DIR}/Alamofire/Alamofire.framework",
				"${BUILT_PRODUCTS_DIR}/Foundation+/Foundation_.framework",
				"${BUILT_PRODUCTS_DIR}/Functions/Functions.framework",
				"${BUILT_PRODUCTS_DIR}/RxCocoa/RxCocoa.framework",
				"${BUILT_PRODUCTS_DIR}/RxSwift/RxSwift.framework",
				"${BUILT_PRODUCTS_DIR}/SnapKit/SnapKit.framework",
				"${BUILT_PRODUCTS_DIR}/UI+/UI_.framework",
			);
			name = "[CP] Embed Pods Frameworks";
			outputPaths = (
				"${TARGET_BUILD_DIR}/${FRAMEWORKS_FOLDER_PATH}/Alamofire.framework",
				"${TARGET_BUILD_DIR}/${FRAMEWORKS_FOLDER_PATH}/Foundation_.framework",
				"${TARGET_BUILD_DIR}/${FRAMEWORKS_FOLDER_PATH}/Functions.framework",
				"${TARGET_BUILD_DIR}/${FRAMEWORKS_FOLDER_PATH}/RxCocoa.framework",
				"${TARGET_BUILD_DIR}/${FRAMEWORKS_FOLDER_PATH}/RxSwift.framework",
				"${TARGET_BUILD_DIR}/${FRAMEWORKS_FOLDER_PATH}/SnapKit.framework",
				"${TARGET_BUILD_DIR}/${FRAMEWORKS_FOLDER_PATH}/UI_.framework",
			);
			runOnlyForDeploymentPostprocessing = 0;
			shellPath = /bin/sh;
			shellScript = "\"${SRCROOT}/Pods/Target Support Files/Pods-Elegant/Pods-Elegant-frameworks.sh\"\n";
			showEnvVarsInLog = 0;
		};
		3CEF47AF1DABCEBC002E63EF /* ShellScript */ = {
			isa = PBXShellScriptBuildPhase;
			buildActionMask = 2147483647;
			files = (
			);
			inputPaths = (
			);
			outputPaths = (
			);
			runOnlyForDeploymentPostprocessing = 0;
			shellPath = /bin/sh;
			shellScript = "/usr/local/bin/carthage copy-frameworks";
		};
		D86CE55C1568CB2970A9F7F1 /* [CP] Copy Pods Resources */ = {
			isa = PBXShellScriptBuildPhase;
			buildActionMask = 2147483647;
			files = (
			);
			inputPaths = (
			);
			name = "[CP] Copy Pods Resources";
			outputPaths = (
			);
			runOnlyForDeploymentPostprocessing = 0;
			shellPath = /bin/sh;
			shellScript = "\"${SRCROOT}/Pods/Target Support Files/Pods-Elegant/Pods-Elegant-resources.sh\"\n";
			showEnvVarsInLog = 0;
		};
/* End PBXShellScriptBuildPhase section */

/* Begin PBXSourcesBuildPhase section */
		3CEF47061DAB808E002E63EF /* Sources */ = {
			isa = PBXSourcesBuildPhase;
			buildActionMask = 2147483647;
			files = (
				3CEF47551DAB8126002E63EF /* BaseTabBarController.swift in Sources */,
				3C383ED61DAE306D00A8EACC /* CollectionViewCell.swift in Sources */,
				AA0BDCB81F7E5839000CD996 /* ViewPagerController.swift in Sources */,
				AA0BDCAB1F7E3412000CD996 /* PagerTabController.swift in Sources */,
				3CEF47561DAB8126002E63EF /* TableViewController.swift in Sources */,
				3C383ECA1DAE2A4B00A8EACC /* ScrollViewController.swift in Sources */,
				AA1052441F3F2CD900B55751 /* LineViewController.swift in Sources */,
				AA0BDCB61F7E4E61000CD996 /* TitleStyle.swift in Sources */,
				3CEF48041DAD12BB002E63EF /* NibLoadable.swift in Sources */,
				3CBA4DD91DDDA380007FDEB0 /* UIImage+Extision.swift in Sources */,
				AA0BDCAE1F7E38F3000CD996 /* TabFController.swift in Sources */,
				AA0BDCA91F7E32C8000CD996 /* FViewController.swift in Sources */,
				AA0BDCB21F7E393E000CD996 /* TabTController.swift in Sources */,
				AAF587E41F594B5200146101 /* Item.swift in Sources */,
				AAE7ADE21F62615F003C7D66 /* MoreCell.swift in Sources */,
				3CBF04F11DF11CBE00F9A289 /* ViewController.swift in Sources */,
				AAF587E21F594B3C00146101 /* SectionItem.swift in Sources */,
				3CEF47621DAB8127002E63EF /* UIImageView+Web.swift in Sources */,
				AA29F10F1F5EC32300FCC69F /* Numeric.swift in Sources */,
				AA0BDCB01F7E3921000CD996 /* TabSController.swift in Sources */,
				3CEF476A1DAB8136002E63EF /* TableController.swift in Sources */,
				3CEF47531DAB8126002E63EF /* BaseViewController.swift in Sources */,
				3CEF47481DAB8126002E63EF /* BaseConfig.swift in Sources */,
				3CEF470E1DAB808E002E63EF /* AppDelegate.swift in Sources */,
				3C660A741DAE3FD50004DEDA /* TestCell.swift in Sources */,
				3CEF47641DAB8127002E63EF /* FileTool.swift in Sources */,
				3CEF48141DAD2910002E63EF /* TableViewCell.swift in Sources */,
				3CBF04F31DF11D1D00F9A289 /* MyTableController.swift in Sources */,
				3CEF47541DAB8126002E63EF /* BaseNavigationController.swift in Sources */,
				3C383ED41DAE2FE800A8EACC /* CollectionListController.swift in Sources */,
				3CEF47691DAB8136002E63EF /* TabBarController.swift in Sources */,
				3C383ED01DAE2E5E00A8EACC /* TableGroupController.swift in Sources */,
				3CEF47601DAB8126002E63EF /* String+CacheMenu.swift in Sources */,
				AA5094951ECD89D0002DC62E /* README.md in Sources */,
				3C383ED21DAE2F5D00A8EACC /* CollectionViewController.swift in Sources */,
				3CEF48051DAD12BB002E63EF /* NibOwnerLoadable.swift in Sources */,
				3CEF48171DADCD37002E63EF /* Tools.swift in Sources */,
				3CEF48101DAD1EC0002E63EF /* Adable.swift in Sources */,
				AA0BDCB41F7E4E0C000CD996 /* TitleView.swift in Sources */,
				3C383ECE1DAE2E2D00A8EACC /* TableListController.swift in Sources */,
				AAE7ADE41F626D09003C7D66 /* Itemable.swift in Sources */,
				3C3410C11DB0C93600E60A62 /* GCD.swift in Sources */,
				3CEF47491DAB8126002E63EF /* BaseDelegate.swift in Sources */,
				AA1052461F3F2CF100B55751 /* CommonController.swift in Sources */,
				3CBF04F51DF1248200F9A289 /* main.swift in Sources */,
			);
			runOnlyForDeploymentPostprocessing = 0;
		};
/* End PBXSourcesBuildPhase section */

/* Begin PBXVariantGroup section */
		3C9B56EB1DDAF47B00E70C9F /* Default.strings */ = {
			isa = PBXVariantGroup;
			children = (
				3C9B56EA1DDAF47B00E70C9F /* Base */,
				3C9B56EC1DDAF47E00E70C9F /* en */,
			);
			name = Default.strings;
			sourceTree = "<group>";
		};
		3CEF47111DAB808E002E63EF /* Main.storyboard */ = {
			isa = PBXVariantGroup;
			children = (
				3CEF47121DAB808E002E63EF /* Base */,
				3C9B56F11DDAF6B300E70C9F /* zh-Hans */,
			);
			name = Main.storyboard;
			sourceTree = "<group>";
		};
		3CEF47161DAB808E002E63EF /* LaunchScreen.storyboard */ = {
			isa = PBXVariantGroup;
			children = (
				3CEF47171DAB808E002E63EF /* Base */,
				3C9B56F21DDAF6B300E70C9F /* zh-Hans */,
			);
			name = LaunchScreen.storyboard;
			sourceTree = "<group>";
		};
/* End PBXVariantGroup section */

/* Begin XCBuildConfiguration section */
		3CEF471A1DAB808E002E63EF /* Debug */ = {
			isa = XCBuildConfiguration;
			buildSettings = {
				ALWAYS_SEARCH_USER_PATHS = NO;
				CLANG_ANALYZER_LOCALIZABILITY_NONLOCALIZED = YES;
				CLANG_ANALYZER_NONNULL = YES;
				CLANG_CXX_LANGUAGE_STANDARD = "gnu++0x";
				CLANG_CXX_LIBRARY = "libc++";
				CLANG_ENABLE_MODULES = YES;
				CLANG_ENABLE_OBJC_ARC = YES;
				CLANG_WARN_BOOL_CONVERSION = YES;
				CLANG_WARN_CONSTANT_CONVERSION = YES;
				CLANG_WARN_DIRECT_OBJC_ISA_USAGE = YES_ERROR;
				CLANG_WARN_DOCUMENTATION_COMMENTS = YES;
				CLANG_WARN_EMPTY_BODY = YES;
				CLANG_WARN_ENUM_CONVERSION = YES;
				CLANG_WARN_INFINITE_RECURSION = YES;
				CLANG_WARN_INT_CONVERSION = YES;
				CLANG_WARN_OBJC_ROOT_CLASS = YES_ERROR;
				CLANG_WARN_SUSPICIOUS_MOVE = YES;
				CLANG_WARN_SUSPICIOUS_MOVES = YES;
				CLANG_WARN_UNREACHABLE_CODE = YES;
				CLANG_WARN__DUPLICATE_METHOD_MATCH = YES;
				"CODE_SIGN_IDENTITY[sdk=iphoneos*]" = "iPhone Developer";
				COPY_PHASE_STRIP = NO;
				DEBUG_INFORMATION_FORMAT = dwarf;
				ENABLE_STRICT_OBJC_MSGSEND = YES;
				ENABLE_TESTABILITY = YES;
				GCC_C_LANGUAGE_STANDARD = gnu99;
				GCC_DYNAMIC_NO_PIC = NO;
				GCC_NO_COMMON_BLOCKS = YES;
				GCC_OPTIMIZATION_LEVEL = 0;
				GCC_PREPROCESSOR_DEFINITIONS = (
					"DEBUG=1",
					"$(inherited)",
				);
				GCC_WARN_64_TO_32_BIT_CONVERSION = YES;
				GCC_WARN_ABOUT_RETURN_TYPE = YES_ERROR;
				GCC_WARN_UNDECLARED_SELECTOR = YES;
				GCC_WARN_UNINITIALIZED_AUTOS = YES_AGGRESSIVE;
				GCC_WARN_UNUSED_FUNCTION = YES;
				GCC_WARN_UNUSED_VARIABLE = YES;
				IPHONEOS_DEPLOYMENT_TARGET = 9.0;
				MTL_ENABLE_DEBUG_INFO = YES;
				ONLY_ACTIVE_ARCH = YES;
				SDKROOT = iphoneos;
				SWIFT_ACTIVE_COMPILATION_CONDITIONS = DEBUG;
				SWIFT_OPTIMIZATION_LEVEL = "-Onone";
				TARGETED_DEVICE_FAMILY = "1,2";
			};
			name = Debug;
		};
		3CEF471B1DAB808E002E63EF /* Release */ = {
			isa = XCBuildConfiguration;
			buildSettings = {
				ALWAYS_SEARCH_USER_PATHS = NO;
				CLANG_ANALYZER_LOCALIZABILITY_NONLOCALIZED = YES;
				CLANG_ANALYZER_NONNULL = YES;
				CLANG_CXX_LANGUAGE_STANDARD = "gnu++0x";
				CLANG_CXX_LIBRARY = "libc++";
				CLANG_ENABLE_MODULES = YES;
				CLANG_ENABLE_OBJC_ARC = YES;
				CLANG_WARN_BOOL_CONVERSION = YES;
				CLANG_WARN_CONSTANT_CONVERSION = YES;
				CLANG_WARN_DIRECT_OBJC_ISA_USAGE = YES_ERROR;
				CLANG_WARN_DOCUMENTATION_COMMENTS = YES;
				CLANG_WARN_EMPTY_BODY = YES;
				CLANG_WARN_ENUM_CONVERSION = YES;
				CLANG_WARN_INFINITE_RECURSION = YES;
				CLANG_WARN_INT_CONVERSION = YES;
				CLANG_WARN_OBJC_ROOT_CLASS = YES_ERROR;
				CLANG_WARN_SUSPICIOUS_MOVE = YES;
				CLANG_WARN_SUSPICIOUS_MOVES = YES;
				CLANG_WARN_UNREACHABLE_CODE = YES;
				CLANG_WARN__DUPLICATE_METHOD_MATCH = YES;
				"CODE_SIGN_IDENTITY[sdk=iphoneos*]" = "iPhone Developer";
				COPY_PHASE_STRIP = NO;
				DEBUG_INFORMATION_FORMAT = "dwarf-with-dsym";
				ENABLE_NS_ASSERTIONS = NO;
				ENABLE_STRICT_OBJC_MSGSEND = YES;
				GCC_C_LANGUAGE_STANDARD = gnu99;
				GCC_NO_COMMON_BLOCKS = YES;
				GCC_WARN_64_TO_32_BIT_CONVERSION = YES;
				GCC_WARN_ABOUT_RETURN_TYPE = YES_ERROR;
				GCC_WARN_UNDECLARED_SELECTOR = YES;
				GCC_WARN_UNINITIALIZED_AUTOS = YES_AGGRESSIVE;
				GCC_WARN_UNUSED_FUNCTION = YES;
				GCC_WARN_UNUSED_VARIABLE = YES;
				IPHONEOS_DEPLOYMENT_TARGET = 9.0;
				MTL_ENABLE_DEBUG_INFO = NO;
				SDKROOT = iphoneos;
				SWIFT_OPTIMIZATION_LEVEL = "-Owholemodule";
				TARGETED_DEVICE_FAMILY = "1,2";
				VALIDATE_PRODUCT = YES;
			};
			name = Release;
		};
		3CEF471D1DAB808E002E63EF /* Debug */ = {
			isa = XCBuildConfiguration;
			baseConfigurationReference = BEFE978FFE451C08025B5EF0 /* Pods-Elegant.debug.xcconfig */;
			buildSettings = {
				ASSETCATALOG_COMPILER_APPICON_NAME = AppIcon;
				DEVELOPMENT_TEAM = GTVM2F95ZD;
				FRAMEWORK_SEARCH_PATHS = (
					"$(inherited)",
					"$(PROJECT_DIR)/Carthage/Build/iOS",
				);
				INFOPLIST_FILE = Elegant/Info.plist;
				IPHONEOS_DEPLOYMENT_TARGET = 9.0;
				LD_RUNPATH_SEARCH_PATHS = "$(inherited) @executable_path/Frameworks";
				PRODUCT_BUNDLE_IDENTIFIER = com.KingCQ.Elegant;
				PRODUCT_NAME = "$(TARGET_NAME)";
				SWIFT_VERSION = 3.0;
			};
			name = Debug;
		};
		3CEF471E1DAB808E002E63EF /* Release */ = {
			isa = XCBuildConfiguration;
			baseConfigurationReference = 6B709DBDE4539CB8D67E19E0 /* Pods-Elegant.release.xcconfig */;
			buildSettings = {
				ASSETCATALOG_COMPILER_APPICON_NAME = AppIcon;
				DEVELOPMENT_TEAM = GTVM2F95ZD;
				FRAMEWORK_SEARCH_PATHS = (
					"$(inherited)",
					"$(PROJECT_DIR)/Carthage/Build/iOS",
				);
				INFOPLIST_FILE = Elegant/Info.plist;
				IPHONEOS_DEPLOYMENT_TARGET = 9.0;
				LD_RUNPATH_SEARCH_PATHS = "$(inherited) @executable_path/Frameworks";
				PRODUCT_BUNDLE_IDENTIFIER = com.KingCQ.Elegant;
				PRODUCT_NAME = "$(TARGET_NAME)";
				SWIFT_VERSION = 3.0;
			};
			name = Release;
		};
/* End XCBuildConfiguration section */

/* Begin XCConfigurationList section */
		3CEF47051DAB808E002E63EF /* Build configuration list for PBXProject "Elegant" */ = {
			isa = XCConfigurationList;
			buildConfigurations = (
				3CEF471A1DAB808E002E63EF /* Debug */,
				3CEF471B1DAB808E002E63EF /* Release */,
			);
			defaultConfigurationIsVisible = 0;
			defaultConfigurationName = Release;
		};
		3CEF471C1DAB808E002E63EF /* Build configuration list for PBXNativeTarget "Elegant" */ = {
			isa = XCConfigurationList;
			buildConfigurations = (
				3CEF471D1DAB808E002E63EF /* Debug */,
				3CEF471E1DAB808E002E63EF /* Release */,
			);
			defaultConfigurationIsVisible = 0;
			defaultConfigurationName = Release;
		};
/* End XCConfigurationList section */
	};
	rootObject = 3CEF47021DAB808E002E63EF /* Project object */;
}
